// !$*UTF8*$!
{
	archiveVersion = 1;
	classes = {
	};
	objectVersion = 60;
	objects = {

/* Begin PBXBuildFile section */
		6CCEB96C2DDF37F700C55594 /* CardView.swift in Sources */ = {isa = PBXBuildFile; fileRef = 6CCEB96B2DDF37F700C55594 /* CardView.swift */; };
		6CD54FA42DDDDCDA004A1001 /* DetailViewController.swift in Sources */ = {isa = PBXBuildFile; fileRef = 6CD54FA32DDDDCDA004A1001 /* DetailViewController.swift */; };
		6CD6469E2DE5AF2600DC6863 /* SuperheroViewCell.swift in Sources */ = {isa = PBXBuildFile; fileRef = 6CD6469D2DE5AF2600DC6863 /* SuperheroViewCell.swift */; };
		6CD646A32DE5B8A200DC6863 /* Main.storyboard in Resources */ = {isa = PBXBuildFile; fileRef = 6CD646A12DE5B7A100DC6863 /* Main.storyboard */; };
		6CDEC1FB2DDC73D00062B7B1 /* AppDelegate.swift in Sources */ = {isa = PBXBuildFile; fileRef = 6CDEC1FA2DDC73D00062B7B1 /* AppDelegate.swift */; };
		6CDEC1FD2DDC73D00062B7B1 /* SceneDelegate.swift in Sources */ = {isa = PBXBuildFile; fileRef = 6CDEC1FC2DDC73D00062B7B1 /* SceneDelegate.swift */; };
		6CDEC1FF2DDC73D00062B7B1 /* ListViewController.swift in Sources */ = {isa = PBXBuildFile; fileRef = 6CDEC1FE2DDC73D00062B7B1 /* ListViewController.swift */; };
		6CDEC2042DDC73D10062B7B1 /* Assets.xcassets in Resources */ = {isa = PBXBuildFile; fileRef = 6CDEC2032DDC73D10062B7B1 /* Assets.xcassets */; };
		6CDEC2072DDC73D10062B7B1 /* Base in Resources */ = {isa = PBXBuildFile; fileRef = 6CDEC2062DDC73D10062B7B1 /* Base */; };
		6CDEC20F2DDC74BD0062B7B1 /* SuperheroProvider.swift in Sources */ = {isa = PBXBuildFile; fileRef = 6CDEC20E2DDC74BD0062B7B1 /* SuperheroProvider.swift */; };
		6CDEC2112DDC7A170062B7B1 /* SuperheroResponse.swift in Sources */ = {isa = PBXBuildFile; fileRef = 6CDEC2102DDC7A170062B7B1 /* SuperheroResponse.swift */; };
		6CDEC2152DDC83690062B7B1 /* UIImageViewExtensions.swift in Sources */ = {isa = PBXBuildFile; fileRef = 6CDEC2142DDC83690062B7B1 /* UIImageViewExtensions.swift */; };
/* End PBXBuildFile section */

/* Begin PBXFileReference section */
		6CCEB96B2DDF37F700C55594 /* CardView.swift */ = {isa = PBXFileReference; lastKnownFileType = sourcecode.swift; path = CardView.swift; sourceTree = "<group>"; };
		6CD54FA32DDDDCDA004A1001 /* DetailViewController.swift */ = {isa = PBXFileReference; lastKnownFileType = sourcecode.swift; path = DetailViewController.swift; sourceTree = "<group>"; };
		6CD6469D2DE5AF2600DC6863 /* SuperheroViewCell.swift */ = {isa = PBXFileReference; lastKnownFileType = sourcecode.swift; path = SuperheroViewCell.swift; sourceTree = "<group>"; };
		6CD646A02DE5B7A100DC6863 /* Base */ = {isa = PBXFileReference; lastKnownFileType = file.storyboard; name = Base; path = Base.lproj/Main.storyboard; sourceTree = "<group>"; };
		6CD646A22DE5B7A100DC6863 /* mul */ = {isa = PBXFileReference; lastKnownFileType = text.json.xcstrings; name = mul; path = mul.lproj/Main.xcstrings; sourceTree = "<group>"; };
		6CDEC1F72DDC73D00062B7B1 /* SuperheroLeague-iOS.app */ = {isa = PBXFileReference; explicitFileType = wrapper.application; includeInIndex = 0; path = "SuperheroLeague-iOS.app"; sourceTree = BUILT_PRODUCTS_DIR; };
		6CDEC1FA2DDC73D00062B7B1 /* AppDelegate.swift */ = {isa = PBXFileReference; lastKnownFileType = sourcecode.swift; path = AppDelegate.swift; sourceTree = "<group>"; };
		6CDEC1FC2DDC73D00062B7B1 /* SceneDelegate.swift */ = {isa = PBXFileReference; lastKnownFileType = sourcecode.swift; path = SceneDelegate.swift; sourceTree = "<group>"; };
		6CDEC1FE2DDC73D00062B7B1 /* ListViewController.swift */ = {isa = PBXFileReference; lastKnownFileType = sourcecode.swift; path = ListViewController.swift; sourceTree = "<group>"; };
		6CDEC2032DDC73D10062B7B1 /* Assets.xcassets */ = {isa = PBXFileReference; lastKnownFileType = folder.assetcatalog; path = Assets.xcassets; sourceTree = "<group>"; };
		6CDEC2062DDC73D10062B7B1 /* Base */ = {isa = PBXFileReference; lastKnownFileType = file.storyboard; name = Base; path = Base.lproj/LaunchScreen.storyboard; sourceTree = "<group>"; };
		6CDEC2082DDC73D10062B7B1 /* Info.plist */ = {isa = PBXFileReference; lastKnownFileType = text.plist.xml; path = Info.plist; sourceTree = "<group>"; };
		6CDEC20E2DDC74BD0062B7B1 /* SuperheroProvider.swift */ = {isa = PBXFileReference; lastKnownFileType = sourcecode.swift; path = SuperheroProvider.swift; sourceTree = "<group>"; };
		6CDEC2102DDC7A170062B7B1 /* SuperheroResponse.swift */ = {isa = PBXFileReference; lastKnownFileType = sourcecode.swift; path = SuperheroResponse.swift; sourceTree = "<group>"; };
		6CDEC2142DDC83690062B7B1 /* UIImageViewExtensions.swift */ = {isa = PBXFileReference; lastKnownFileType = sourcecode.swift; path = UIImageViewExtensions.swift; sourceTree = "<group>"; };
/* End PBXFileReference section */

/* Begin PBXFrameworksBuildPhase section */
		6CDEC1F42DDC73D00062B7B1 /* Frameworks */ = {
			isa = PBXFrameworksBuildPhase;
			buildActionMask = 2147483647;
			files = (
			);
			runOnlyForDeploymentPostprocessing = 0;
		};
/* End PBXFrameworksBuildPhase section */

/* Begin PBXGroup section */
		6CDEC1EE2DDC73D00062B7B1 = {
			isa = PBXGroup;
			children = (
				6CDEC1F92DDC73D00062B7B1 /* SuperheroLeague-iOS */,
				6CDEC1F82DDC73D00062B7B1 /* Products */,
			);
			sourceTree = "<group>";
		};
		6CDEC1F82DDC73D00062B7B1 /* Products */ = {
			isa = PBXGroup;
			children = (
				6CDEC1F72DDC73D00062B7B1 /* SuperheroLeague-iOS.app */,
			);
			name = Products;
			sourceTree = "<group>";
		};
		6CDEC1F92DDC73D00062B7B1 /* SuperheroLeague-iOS */ = {
			isa = PBXGroup;
			children = (
				6CDEC2162DDC84AF0062B7B1 /* ViewControllers */,
				6CDEC21A2DDC84F60062B7B1 /* ViewCells */,
				6CDEC2192DDC84EC0062B7B1 /* Views */,
				6CDEC2172DDC84C60062B7B1 /* Data */,
				6CDEC2182DDC84E20062B7B1 /* Utils */,
				6CDEC1FA2DDC73D00062B7B1 /* AppDelegate.swift */,
				6CDEC1FC2DDC73D00062B7B1 /* SceneDelegate.swift */,
				6CDEC2032DDC73D10062B7B1 /* Assets.xcassets */,
				6CDEC2082DDC73D10062B7B1 /* Info.plist */,
			);
			path = "SuperheroLeague-iOS";
			sourceTree = "<group>";
		};
		6CDEC2162DDC84AF0062B7B1 /* ViewControllers */ = {
			isa = PBXGroup;
			children = (
				6CDEC1FE2DDC73D00062B7B1 /* ListViewController.swift */,
				6CD54FA32DDDDCDA004A1001 /* DetailViewController.swift */,
			);
			path = ViewControllers;
			sourceTree = "<group>";
		};
		6CDEC2172DDC84C60062B7B1 /* Data */ = {
			isa = PBXGroup;
			children = (
				6CDEC20E2DDC74BD0062B7B1 /* SuperheroProvider.swift */,
				6CDEC2102DDC7A170062B7B1 /* SuperheroResponse.swift */,
			);
			path = Data;
			sourceTree = "<group>";
		};
		6CDEC2182DDC84E20062B7B1 /* Utils */ = {
			isa = PBXGroup;
			children = (
				6CDEC2142DDC83690062B7B1 /* UIImageViewExtensions.swift */,
				6CCEB96B2DDF37F700C55594 /* CardView.swift */,
			);
			path = Utils;
			sourceTree = "<group>";
		};
		6CDEC2192DDC84EC0062B7B1 /* Views */ = {
			isa = PBXGroup;
			children = (
				6CD646A12DE5B7A100DC6863 /* Main.storyboard */,
				6CDEC2052DDC73D10062B7B1 /* LaunchScreen.storyboard */,
			);
			path = Views;
			sourceTree = "<group>";
		};
		6CDEC21A2DDC84F60062B7B1 /* ViewCells */ = {
			isa = PBXGroup;
			children = (
				6CD6469D2DE5AF2600DC6863 /* SuperheroViewCell.swift */,
			);
			path = ViewCells;
			sourceTree = "<group>";
		};
/* End PBXGroup section */

/* Begin PBXNativeTarget section */
		6CDEC1F62DDC73D00062B7B1 /* SuperheroLeague-iOS */ = {
			isa = PBXNativeTarget;
			buildConfigurationList = 6CDEC20B2DDC73D10062B7B1 /* Build configuration list for PBXNativeTarget "SuperheroLeague-iOS" */;
			buildPhases = (
				6CDEC1F32DDC73D00062B7B1 /* Sources */,
				6CDEC1F42DDC73D00062B7B1 /* Frameworks */,
				6CDEC1F52DDC73D00062B7B1 /* Resources */,
			);
			buildRules = (
			);
			dependencies = (
			);
			name = "SuperheroLeague-iOS";
			productName = "SuperheroLeague-iOS";
			productReference = 6CDEC1F72DDC73D00062B7B1 /* SuperheroLeague-iOS.app */;
			productType = "com.apple.product-type.application";
		};
/* End PBXNativeTarget section */

/* Begin PBXProject section */
		6CDEC1EF2DDC73D00062B7B1 /* Project object */ = {
			isa = PBXProject;
			attributes = {
				BuildIndependentTargetsInParallel = 1;
				LastSwiftUpdateCheck = 1540;
				LastUpgradeCheck = 1540;
				TargetAttributes = {
					6CDEC1F62DDC73D00062B7B1 = {
						CreatedOnToolsVersion = 15.4;
					};
				};
			};
			buildConfigurationList = 6CDEC1F22DDC73D00062B7B1 /* Build configuration list for PBXProject "SuperheroLeague-iOS" */;
			compatibilityVersion = "Xcode 14.0";
			developmentRegion = en;
			hasScannedForEncodings = 0;
			knownRegions = (
				en,
				Base,
				es,
			);
			mainGroup = 6CDEC1EE2DDC73D00062B7B1;
			productRefGroup = 6CDEC1F82DDC73D00062B7B1 /* Products */;
			projectDirPath = "";
			projectRoot = "";
			targets = (
				6CDEC1F62DDC73D00062B7B1 /* SuperheroLeague-iOS */,
			);
		};
/* End PBXProject section */

/* Begin PBXResourcesBuildPhase section */
		6CDEC1F52DDC73D00062B7B1 /* Resources */ = {
			isa = PBXResourcesBuildPhase;
			buildActionMask = 2147483647;
			files = (
				6CD646A32DE5B8A200DC6863 /* Main.storyboard in Resources */,
				6CDEC2042DDC73D10062B7B1 /* Assets.xcassets in Resources */,
				6CDEC2072DDC73D10062B7B1 /* Base in Resources */,
			);
			runOnlyForDeploymentPostprocessing = 0;
		};
/* End PBXResourcesBuildPhase section */

/* Begin PBXSourcesBuildPhase section */
		6CDEC1F32DDC73D00062B7B1 /* Sources */ = {
			isa = PBXSourcesBuildPhase;
			buildActionMask = 2147483647;
			files = (
				6CDEC2152DDC83690062B7B1 /* UIImageViewExtensions.swift in Sources */,
				6CCEB96C2DDF37F700C55594 /* CardView.swift in Sources */,
				6CDEC1FF2DDC73D00062B7B1 /* ListViewController.swift in Sources */,
				6CDEC1FB2DDC73D00062B7B1 /* AppDelegate.swift in Sources */,
				6CD6469E2DE5AF2600DC6863 /* SuperheroViewCell.swift in Sources */,
				6CDEC2112DDC7A170062B7B1 /* SuperheroResponse.swift in Sources */,
				6CDEC20F2DDC74BD0062B7B1 /* SuperheroProvider.swift in Sources */,
				6CDEC1FD2DDC73D00062B7B1 /* SceneDelegate.swift in Sources */,
				6CD54FA42DDDDCDA004A1001 /* DetailViewController.swift in Sources */,
			);
			runOnlyForDeploymentPostprocessing = 0;
		};
/* End PBXSourcesBuildPhase section */

/* Begin PBXVariantGroup section */
		6CD646A12DE5B7A100DC6863 /* Main.storyboard */ = {
			isa = PBXVariantGroup;
			children = (
				6CD646A02DE5B7A100DC6863 /* Base */,
				6CD646A22DE5B7A100DC6863 /* mul */,
			);
			name = Main.storyboard;
			sourceTree = "<group>";
		};
		6CDEC2052DDC73D10062B7B1 /* LaunchScreen.storyboard */ = {
			isa = PBXVariantGroup;
			children = (
				6CDEC2062DDC73D10062B7B1 /* Base */,
			);
			name = LaunchScreen.storyboard;
			sourceTree = "<group>";
		};
/* End PBXVariantGroup section */

/* Begin XCBuildConfiguration section */
		6CDEC2092DDC73D10062B7B1 /* Debug */ = {
			isa = XCBuildConfiguration;
			buildSettings = {
				ALWAYS_SEARCH_USER_PATHS = NO;
				ASSETCATALOG_COMPILER_GENERATE_SWIFT_ASSET_SYMBOL_EXTENSIONS = YES;
				CLANG_ANALYZER_NONNULL = YES;
				CLANG_ANALYZER_NUMBER_OBJECT_CONVERSION = YES_AGGRESSIVE;
				CLANG_CXX_LANGUAGE_STANDARD = "gnu++20";
				CLANG_ENABLE_MODULES = YES;
				CLANG_ENABLE_OBJC_ARC = YES;
				CLANG_ENABLE_OBJC_WEAK = YES;
				CLANG_WARN_BLOCK_CAPTURE_AUTORELEASING = YES;
				CLANG_WARN_BOOL_CONVERSION = YES;
				CLANG_WARN_COMMA = YES;
				CLANG_WARN_CONSTANT_CONVERSION = YES;
				CLANG_WARN_DEPRECATED_OBJC_IMPLEMENTATIONS = YES;
				CLANG_WARN_DIRECT_OBJC_ISA_USAGE = YES_ERROR;
				CLANG_WARN_DOCUMENTATION_COMMENTS = YES;
				CLANG_WARN_EMPTY_BODY = YES;
				CLANG_WARN_ENUM_CONVERSION = YES;
				CLANG_WARN_INFINITE_RECURSION = YES;
				CLANG_WARN_INT_CONVERSION = YES;
				CLANG_WARN_NON_LITERAL_NULL_CONVERSION = YES;
				CLANG_WARN_OBJC_IMPLICIT_RETAIN_SELF = YES;
				CLANG_WARN_OBJC_LITERAL_CONVERSION = YES;
				CLANG_WARN_OBJC_ROOT_CLASS = YES_ERROR;
				CLANG_WARN_QUOTED_INCLUDE_IN_FRAMEWORK_HEADER = YES;
				CLANG_WARN_RANGE_LOOP_ANALYSIS = YES;
				CLANG_WARN_STRICT_PROTOTYPES = YES;
				CLANG_WARN_SUSPICIOUS_MOVE = YES;
				CLANG_WARN_UNGUARDED_AVAILABILITY = YES_AGGRESSIVE;
				CLANG_WARN_UNREACHABLE_CODE = YES;
				CLANG_WARN__DUPLICATE_METHOD_MATCH = YES;
				COPY_PHASE_STRIP = NO;
				DEBUG_INFORMATION_FORMAT = dwarf;
				ENABLE_STRICT_OBJC_MSGSEND = YES;
				ENABLE_TESTABILITY = YES;
				ENABLE_USER_SCRIPT_SANDBOXING = YES;
				GCC_C_LANGUAGE_STANDARD = gnu17;
				GCC_DYNAMIC_NO_PIC = NO;
				GCC_NO_COMMON_BLOCKS = YES;
				GCC_OPTIMIZATION_LEVEL = 0;
				GCC_PREPROCESSOR_DEFINITIONS = (
					"DEBUG=1",
					"$(inherited)",
				);
				GCC_WARN_64_TO_32_BIT_CONVERSION = YES;
				GCC_WARN_ABOUT_RETURN_TYPE = YES_ERROR;
				GCC_WARN_UNDECLARED_SELECTOR = YES;
				GCC_WARN_UNINITIALIZED_AUTOS = YES_AGGRESSIVE;
				GCC_WARN_UNUSED_FUNCTION = YES;
				GCC_WARN_UNUSED_VARIABLE = YES;
				IPHONEOS_DEPLOYMENT_TARGET = 17.5;
				LOCALIZATION_PREFERS_STRING_CATALOGS = YES;
				MTL_ENABLE_DEBUG_INFO = INCLUDE_SOURCE;
				MTL_FAST_MATH = YES;
				ONLY_ACTIVE_ARCH = YES;
				SDKROOT = iphoneos;
				SWIFT_ACTIVE_COMPILATION_CONDITIONS = "DEBUG $(inherited)";
				SWIFT_OPTIMIZATION_LEVEL = "-Onone";
			};
			name = Debug;
		};
		6CDEC20A2DDC73D10062B7B1 /* Release */ = {
			isa = XCBuildConfiguration;
			buildSettings = {
				ALWAYS_SEARCH_USER_PATHS = NO;
				ASSETCATALOG_COMPILER_GENERATE_SWIFT_ASSET_SYMBOL_EXTENSIONS = YES;
				CLANG_ANALYZER_NONNULL = YES;
				CLANG_ANALYZER_NUMBER_OBJECT_CONVERSION = YES_AGGRESSIVE;
				CLANG_CXX_LANGUAGE_STANDARD = "gnu++20";
				CLANG_ENABLE_MODULES = YES;
				CLANG_ENABLE_OBJC_ARC = YES;
				CLANG_ENABLE_OBJC_WEAK = YES;
				CLANG_WARN_BLOCK_CAPTURE_AUTORELEASING = YES;
				CLANG_WARN_BOOL_CONVERSION = YES;
				CLANG_WARN_COMMA = YES;
				CLANG_WARN_CONSTANT_CONVERSION = YES;
				CLANG_WARN_DEPRECATED_OBJC_IMPLEMENTATIONS = YES;
				CLANG_WARN_DIRECT_OBJC_ISA_USAGE = YES_ERROR;
				CLANG_WARN_DOCUMENTATION_COMMENTS = YES;
				CLANG_WARN_EMPTY_BODY = YES;
				CLANG_WARN_ENUM_CONVERSION = YES;
				CLANG_WARN_INFINITE_RECURSION = YES;
				CLANG_WARN_INT_CONVERSION = YES;
				CLANG_WARN_NON_LITERAL_NULL_CONVERSION = YES;
				CLANG_WARN_OBJC_IMPLICIT_RETAIN_SELF = YES;
				CLANG_WARN_OBJC_LITERAL_CONVERSION = YES;
				CLANG_WARN_OBJC_ROOT_CLASS = YES_ERROR;
				CLANG_WARN_QUOTED_INCLUDE_IN_FRAMEWORK_HEADER = YES;
				CLANG_WARN_RANGE_LOOP_ANALYSIS = YES;
				CLANG_WARN_STRICT_PROTOTYPES = YES;
				CLANG_WARN_SUSPICIOUS_MOVE = YES;
				CLANG_WARN_UNGUARDED_AVAILABILITY = YES_AGGRESSIVE;
				CLANG_WARN_UNREACHABLE_CODE = YES;
				CLANG_WARN__DUPLICATE_METHOD_MATCH = YES;
				COPY_PHASE_STRIP = NO;
				DEBUG_INFORMATION_FORMAT = "dwarf-with-dsym";
				ENABLE_NS_ASSERTIONS = NO;
				ENABLE_STRICT_OBJC_MSGSEND = YES;
				ENABLE_USER_SCRIPT_SANDBOXING = YES;
				GCC_C_LANGUAGE_STANDARD = gnu17;
				GCC_NO_COMMON_BLOCKS = YES;
				GCC_WARN_64_TO_32_BIT_CONVERSION = YES;
				GCC_WARN_ABOUT_RETURN_TYPE = YES_ERROR;
				GCC_WARN_UNDECLARED_SELECTOR = YES;
				GCC_WARN_UNINITIALIZED_AUTOS = YES_AGGRESSIVE;
				GCC_WARN_UNUSED_FUNCTION = YES;
				GCC_WARN_UNUSED_VARIABLE = YES;
				IPHONEOS_DEPLOYMENT_TARGET = 17.5;
				LOCALIZATION_PREFERS_STRING_CATALOGS = YES;
				MTL_ENABLE_DEBUG_INFO = NO;
				MTL_FAST_MATH = YES;
				SDKROOT = iphoneos;
				SWIFT_COMPILATION_MODE = wholemodule;
				VALIDATE_PRODUCT = YES;
			};
			name = Release;
		};
		6CDEC20C2DDC73D10062B7B1 /* Debug */ = {
			isa = XCBuildConfiguration;
			buildSettings = {
				ASSETCATALOG_COMPILER_APPICON_NAME = AppIcon;
				ASSETCATALOG_COMPILER_GLOBAL_ACCENT_COLOR_NAME = AccentColor;
				CODE_SIGN_STYLE = Automatic;
				CURRENT_PROJECT_VERSION = 1;
				GENERATE_INFOPLIST_FILE = YES;
				INFOPLIST_FILE = "SuperheroLeague-iOS/Info.plist";
				INFOPLIST_KEY_UIApplicationSupportsIndirectInputEvents = YES;
				INFOPLIST_KEY_UILaunchStoryboardName = LaunchScreen;
				INFOPLIST_KEY_UIMainStoryboardFile = Main;
				INFOPLIST_KEY_UISupportedInterfaceOrientations_iPad = "UIInterfaceOrientationPortrait UIInterfaceOrientationPortraitUpsideDown UIInterfaceOrientationLandscapeLeft UIInterfaceOrientationLandscapeRight";
				INFOPLIST_KEY_UISupportedInterfaceOrientations_iPhone = "UIInterfaceOrientationPortrait UIInterfaceOrientationLandscapeLeft UIInterfaceOrientationLandscapeRight";
				IPHONEOS_DEPLOYMENT_TARGET = 17.4;
				LD_RUNPATH_SEARCH_PATHS = (
					"$(inherited)",
					"@executable_path/Frameworks",
				);
				MARKETING_VERSION = 1.0;
				PRODUCT_BUNDLE_IDENTIFIER = "com.example.SuperheroLeague-iOS";
				PRODUCT_NAME = "$(TARGET_NAME)";
				SWIFT_EMIT_LOC_STRINGS = YES;
				SWIFT_VERSION = 5.0;
				TARGETED_DEVICE_FAMILY = "1,2";
			};
			name = Debug;
		};
		6CDEC20D2DDC73D10062B7B1 /* Release */ = {
			isa = XCBuildConfiguration;
			buildSettings = {
				ASSETCATALOG_COMPILER_APPICON_NAME = AppIcon;
				ASSETCATALOG_COMPILER_GLOBAL_ACCENT_COLOR_NAME = AccentColor;
				CODE_SIGN_STYLE = Automatic;
				CURRENT_PROJECT_VERSION = 1;
				GENERATE_INFOPLIST_FILE = YES;
				INFOPLIST_FILE = "SuperheroLeague-iOS/Info.plist";
				INFOPLIST_KEY_UIApplicationSupportsIndirectInputEvents = YES;
				INFOPLIST_KEY_UILaunchStoryboardName = LaunchScreen;
				INFOPLIST_KEY_UIMainStoryboardFile = Main;
				INFOPLIST_KEY_UISupportedInterfaceOrientations_iPad = "UIInterfaceOrientationPortrait UIInterfaceOrientationPortraitUpsideDown UIInterfaceOrientationLandscapeLeft UIInterfaceOrientationLandscapeRight";
				INFOPLIST_KEY_UISupportedInterfaceOrientations_iPhone = "UIInterfaceOrientationPortrait UIInterfaceOrientationLandscapeLeft UIInterfaceOrientationLandscapeRight";
				IPHONEOS_DEPLOYMENT_TARGET = 17.4;
				LD_RUNPATH_SEARCH_PATHS = (
					"$(inherited)",
					"@executable_path/Frameworks",
				);
				MARKETING_VERSION = 1.0;
				PRODUCT_BUNDLE_IDENTIFIER = "com.example.SuperheroLeague-iOS";
				PRODUCT_NAME = "$(TARGET_NAME)";
				SWIFT_EMIT_LOC_STRINGS = YES;
				SWIFT_VERSION = 5.0;
				TARGETED_DEVICE_FAMILY = "1,2";
			};
			name = Release;
		};
/* End XCBuildConfiguration section */

/* Begin XCConfigurationList section */
		6CDEC1F22DDC73D00062B7B1 /* Build configuration list for PBXProject "SuperheroLeague-iOS" */ = {
			isa = XCConfigurationList;
			buildConfigurations = (
				6CDEC2092DDC73D10062B7B1 /* Debug */,
				6CDEC20A2DDC73D10062B7B1 /* Release */,
			);
			defaultConfigurationIsVisible = 0;
			defaultConfigurationName = Release;
		};
		6CDEC20B2DDC73D10062B7B1 /* Build configuration list for PBXNativeTarget "SuperheroLeague-iOS" */ = {
			isa = XCConfigurationList;
			buildConfigurations = (
				6CDEC20C2DDC73D10062B7B1 /* Debug */,
				6CDEC20D2DDC73D10062B7B1 /* Release */,
			);
			defaultConfigurationIsVisible = 0;
			defaultConfigurationName = Release;
		};
/* End XCConfigurationList section */
	};
	rootObject = 6CDEC1EF2DDC73D00062B7B1 /* Project object */;
}
